
Microsoft Visual Studio Solution File, Format Version 12.00
# Visual Studio Version 16
VisualStudioVersion = 16.0.30011.22
MinimumVisualStudioVersion = 10.0.40219.1
Project("{D954291E-2A0B-460D-934E-DC6B0785DB48}") = "Mindmappy.Shared", "Mindmappy.Shared\Mindmappy.Shared.shproj", "{6279C845-92F8-4333-AB99-3D213163593C}"
EndProject
Project("{FAE04EC0-301F-11D3-BF4B-00C04F79EFBC}") = "Mindmappy.Droid", "Mindmappy.Droid\Mindmappy.Droid.csproj", "{9B1FCA63-D819-4FF2-B8F8-E4954E675F89}"
	ProjectSection(ProjectDependencies) = postProject
		{5A68CCAE-FE84-416F-9CB3-DA9767A0666F} = {5A68CCAE-FE84-416F-9CB3-DA9767A0666F}
	EndProjectSection
EndProject
Project("{FAE04EC0-301F-11D3-BF4B-00C04F79EFBC}") = "Mindmappy.UWP", "Mindmappy.UWP\Mindmappy.UWP.csproj", "{1DC70C07-B8AE-4CE0-AC76-29D8E395D650}"
	ProjectSection(ProjectDependencies) = postProject
		{5A68CCAE-FE84-416F-9CB3-DA9767A0666F} = {5A68CCAE-FE84-416F-9CB3-DA9767A0666F}
	EndProjectSection
EndProject
Project("{9A19103F-16F7-4668-BE54-9A1E7A4F7556}") = "Mindmappy.Wasm", "Mindmappy.Wasm\Mindmappy.Wasm.csproj", "{CA9BEFF6-28E1-49B3-97CE-DCA6742583FD}"
	ProjectSection(ProjectDependencies) = postProject
		{5A68CCAE-FE84-416F-9CB3-DA9767A0666F} = {5A68CCAE-FE84-416F-9CB3-DA9767A0666F}
	EndProjectSection
EndProject
Project("{9A19103F-16F7-4668-BE54-9A1E7A4F7556}") = "CollabLib", "CollabLib\CollabLib.csproj", "{5A68CCAE-FE84-416F-9CB3-DA9767A0666F}"
EndProject
Project("{9A19103F-16F7-4668-BE54-9A1E7A4F7556}") = "CollabLib.Tests", "CollabLibTest\CollabLib.Tests.csproj", "{98478C9A-4FCD-46C2-921E-8074036A33E0}"
	ProjectSection(ProjectDependencies) = postProject
		{5A68CCAE-FE84-416F-9CB3-DA9767A0666F} = {5A68CCAE-FE84-416F-9CB3-DA9767A0666F}
	EndProjectSection
EndProject
Project("{FAE04EC0-301F-11D3-BF4B-00C04F79EFBC}") = "WSServer", "WSServer\WSServer.csproj", "{231C1F68-251E-47FE-B725-521A23F9A173}"
EndProject
Global
	GlobalSection(SharedMSBuildProjectFiles) = preSolution
		Mindmappy.Shared\Mindmappy.Shared.projitems*{1dc70c07-b8ae-4ce0-ac76-29d8e395d650}*SharedItemsImports = 4
		Mindmappy.Shared\Mindmappy.Shared.projitems*{6279c845-92f8-4333-ab99-3d213163593c}*SharedItemsImports = 13
		Mindmappy.Shared\Mindmappy.Shared.projitems*{9b1fca63-d819-4ff2-b8f8-e4954e675f89}*SharedItemsImports = 4
		Mindmappy.Shared\Mindmappy.Shared.projitems*{ca9beff6-28e1-49b3-97ce-dca6742583fd}*SharedItemsImports = 5
	EndGlobalSection
	GlobalSection(SolutionConfigurationPlatforms) = preSolution
		Ad-Hoc|Any CPU = Ad-Hoc|Any CPU
		Ad-Hoc|ARM = Ad-Hoc|ARM
		Ad-Hoc|ARM64 = Ad-Hoc|ARM64
		Ad-Hoc|iPhone = Ad-Hoc|iPhone
		Ad-Hoc|iPhoneSimulator = Ad-Hoc|iPhoneSimulator
		Ad-Hoc|x64 = Ad-Hoc|x64
		Ad-Hoc|x86 = Ad-Hoc|x86
		AppStore|Any CPU = AppStore|Any CPU
		AppStore|ARM = AppStore|ARM
		AppStore|ARM64 = AppStore|ARM64
		AppStore|iPhone = AppStore|iPhone
		AppStore|iPhoneSimulator = AppStore|iPhoneSimulator
		AppStore|x64 = AppStore|x64
		AppStore|x86 = AppStore|x86
		Debug|Any CPU = Debug|Any CPU
		Debug|ARM = Debug|ARM
		Debug|ARM64 = Debug|ARM64
		Debug|iPhone = Debug|iPhone
		Debug|iPhoneSimulator = Debug|iPhoneSimulator
		Debug|x64 = Debug|x64
		Debug|x86 = Debug|x86
		Release|Any CPU = Release|Any CPU
		Release|ARM = Release|ARM
		Release|ARM64 = Release|ARM64
		Release|iPhone = Release|iPhone
		Release|iPhoneSimulator = Release|iPhoneSimulator
		Release|x64 = Release|x64
		Release|x86 = Release|x86
	EndGlobalSection
	GlobalSection(ProjectConfigurationPlatforms) = postSolution
		{9B1FCA63-D819-4FF2-B8F8-E4954E675F89}.Ad-Hoc|Any CPU.ActiveCfg = Release|Any CPU
		{9B1FCA63-D819-4FF2-B8F8-E4954E675F89}.Ad-Hoc|Any CPU.Build.0 = Release|Any CPU
		{9B1FCA63-D819-4FF2-B8F8-E4954E675F89}.Ad-Hoc|Any CPU.Deploy.0 = Release|Any CPU
		{9B1FCA63-D819-4FF2-B8F8-E4954E675F89}.Ad-Hoc|ARM.ActiveCfg = Release|Any CPU
		{9B1FCA63-D819-4FF2-B8F8-E4954E675F89}.Ad-Hoc|ARM.Build.0 = Release|Any CPU
		{9B1FCA63-D819-4FF2-B8F8-E4954E675F89}.Ad-Hoc|ARM.Deploy.0 = Release|Any CPU
		{9B1FCA63-D819-4FF2-B8F8-E4954E675F89}.Ad-Hoc|ARM64.ActiveCfg = Release|Any CPU
		{9B1FCA63-D819-4FF2-B8F8-E4954E675F89}.Ad-Hoc|ARM64.Build.0 = Release|Any CPU
		{9B1FCA63-D819-4FF2-B8F8-E4954E675F89}.Ad-Hoc|ARM64.Deploy.0 = Release|Any CPU
		{9B1FCA63-D819-4FF2-B8F8-E4954E675F89}.Ad-Hoc|iPhone.ActiveCfg = Release|Any CPU
		{9B1FCA63-D819-4FF2-B8F8-E4954E675F89}.Ad-Hoc|iPhone.Build.0 = Release|Any CPU
		{9B1FCA63-D819-4FF2-B8F8-E4954E675F89}.Ad-Hoc|iPhone.Deploy.0 = Release|Any CPU
		{9B1FCA63-D819-4FF2-B8F8-E4954E675F89}.Ad-Hoc|iPhoneSimulator.ActiveCfg = Release|Any CPU
		{9B1FCA63-D819-4FF2-B8F8-E4954E675F89}.Ad-Hoc|iPhoneSimulator.Build.0 = Release|Any CPU
		{9B1FCA63-D819-4FF2-B8F8-E4954E675F89}.Ad-Hoc|iPhoneSimulator.Deploy.0 = Release|Any CPU
		{9B1FCA63-D819-4FF2-B8F8-E4954E675F89}.Ad-Hoc|x64.ActiveCfg = Release|Any CPU
		{9B1FCA63-D819-4FF2-B8F8-E4954E675F89}.Ad-Hoc|x64.Build.0 = Release|Any CPU
		{9B1FCA63-D819-4FF2-B8F8-E4954E675F89}.Ad-Hoc|x64.Deploy.0 = Release|Any CPU
		{9B1FCA63-D819-4FF2-B8F8-E4954E675F89}.Ad-Hoc|x86.ActiveCfg = Release|Any CPU
		{9B1FCA63-D819-4FF2-B8F8-E4954E675F89}.Ad-Hoc|x86.Build.0 = Release|Any CPU
		{9B1FCA63-D819-4FF2-B8F8-E4954E675F89}.Ad-Hoc|x86.Deploy.0 = Release|Any CPU
		{9B1FCA63-D819-4FF2-B8F8-E4954E675F89}.AppStore|Any CPU.ActiveCfg = Release|Any CPU
		{9B1FCA63-D819-4FF2-B8F8-E4954E675F89}.AppStore|Any CPU.Build.0 = Release|Any CPU
		{9B1FCA63-D819-4FF2-B8F8-E4954E675F89}.AppStore|Any CPU.Deploy.0 = Release|Any CPU
		{9B1FCA63-D819-4FF2-B8F8-E4954E675F89}.AppStore|ARM.ActiveCfg = Release|Any CPU
		{9B1FCA63-D819-4FF2-B8F8-E4954E675F89}.AppStore|ARM.Build.0 = Release|Any CPU
		{9B1FCA63-D819-4FF2-B8F8-E4954E675F89}.AppStore|ARM.Deploy.0 = Release|Any CPU
		{9B1FCA63-D819-4FF2-B8F8-E4954E675F89}.AppStore|ARM64.ActiveCfg = Release|Any CPU
		{9B1FCA63-D819-4FF2-B8F8-E4954E675F89}.AppStore|ARM64.Build.0 = Release|Any CPU
		{9B1FCA63-D819-4FF2-B8F8-E4954E675F89}.AppStore|ARM64.Deploy.0 = Release|Any CPU
		{9B1FCA63-D819-4FF2-B8F8-E4954E675F89}.AppStore|iPhone.ActiveCfg = Release|Any CPU
		{9B1FCA63-D819-4FF2-B8F8-E4954E675F89}.AppStore|iPhone.Build.0 = Release|Any CPU
		{9B1FCA63-D819-4FF2-B8F8-E4954E675F89}.AppStore|iPhone.Deploy.0 = Release|Any CPU
		{9B1FCA63-D819-4FF2-B8F8-E4954E675F89}.AppStore|iPhoneSimulator.ActiveCfg = Release|Any CPU
		{9B1FCA63-D819-4FF2-B8F8-E4954E675F89}.AppStore|iPhoneSimulator.Build.0 = Release|Any CPU
		{9B1FCA63-D819-4FF2-B8F8-E4954E675F89}.AppStore|iPhoneSimulator.Deploy.0 = Release|Any CPU
		{9B1FCA63-D819-4FF2-B8F8-E4954E675F89}.AppStore|x64.ActiveCfg = Release|Any CPU
		{9B1FCA63-D819-4FF2-B8F8-E4954E675F89}.AppStore|x64.Build.0 = Release|Any CPU
		{9B1FCA63-D819-4FF2-B8F8-E4954E675F89}.AppStore|x64.Deploy.0 = Release|Any CPU
		{9B1FCA63-D819-4FF2-B8F8-E4954E675F89}.AppStore|x86.ActiveCfg = Release|Any CPU
		{9B1FCA63-D819-4FF2-B8F8-E4954E675F89}.AppStore|x86.Build.0 = Release|Any CPU
		{9B1FCA63-D819-4FF2-B8F8-E4954E675F89}.AppStore|x86.Deploy.0 = Release|Any CPU
		{9B1FCA63-D819-4FF2-B8F8-E4954E675F89}.Debug|Any CPU.ActiveCfg = Debug|Any CPU
		{9B1FCA63-D819-4FF2-B8F8-E4954E675F89}.Debug|Any CPU.Build.0 = Debug|Any CPU
		{9B1FCA63-D819-4FF2-B8F8-E4954E675F89}.Debug|Any CPU.Deploy.0 = Debug|Any CPU
		{9B1FCA63-D819-4FF2-B8F8-E4954E675F89}.Debug|ARM.ActiveCfg = Debug|Any CPU
		{9B1FCA63-D819-4FF2-B8F8-E4954E675F89}.Debug|ARM.Build.0 = Debug|Any CPU
		{9B1FCA63-D819-4FF2-B8F8-E4954E675F89}.Debug|ARM.Deploy.0 = Debug|Any CPU
		{9B1FCA63-D819-4FF2-B8F8-E4954E675F89}.Debug|ARM64.ActiveCfg = Debug|Any CPU
		{9B1FCA63-D819-4FF2-B8F8-E4954E675F89}.Debug|ARM64.Build.0 = Debug|Any CPU
		{9B1FCA63-D819-4FF2-B8F8-E4954E675F89}.Debug|ARM64.Deploy.0 = Debug|Any CPU
		{9B1FCA63-D819-4FF2-B8F8-E4954E675F89}.Debug|iPhone.ActiveCfg = Debug|Any CPU
		{9B1FCA63-D819-4FF2-B8F8-E4954E675F89}.Debug|iPhone.Build.0 = Debug|Any CPU
		{9B1FCA63-D819-4FF2-B8F8-E4954E675F89}.Debug|iPhone.Deploy.0 = Debug|Any CPU
		{9B1FCA63-D819-4FF2-B8F8-E4954E675F89}.Debug|iPhoneSimulator.ActiveCfg = Debug|Any CPU
		{9B1FCA63-D819-4FF2-B8F8-E4954E675F89}.Debug|iPhoneSimulator.Build.0 = Debug|Any CPU
		{9B1FCA63-D819-4FF2-B8F8-E4954E675F89}.Debug|iPhoneSimulator.Deploy.0 = Debug|Any CPU
		{9B1FCA63-D819-4FF2-B8F8-E4954E675F89}.Debug|x64.ActiveCfg = Debug|Any CPU
		{9B1FCA63-D819-4FF2-B8F8-E4954E675F89}.Debug|x64.Build.0 = Debug|Any CPU
		{9B1FCA63-D819-4FF2-B8F8-E4954E675F89}.Debug|x64.Deploy.0 = Debug|Any CPU
		{9B1FCA63-D819-4FF2-B8F8-E4954E675F89}.Debug|x86.ActiveCfg = Debug|Any CPU
		{9B1FCA63-D819-4FF2-B8F8-E4954E675F89}.Debug|x86.Build.0 = Debug|Any CPU
		{9B1FCA63-D819-4FF2-B8F8-E4954E675F89}.Debug|x86.Deploy.0 = Debug|Any CPU
		{9B1FCA63-D819-4FF2-B8F8-E4954E675F89}.Release|Any CPU.ActiveCfg = Release|Any CPU
		{9B1FCA63-D819-4FF2-B8F8-E4954E675F89}.Release|Any CPU.Build.0 = Release|Any CPU
		{9B1FCA63-D819-4FF2-B8F8-E4954E675F89}.Release|Any CPU.Deploy.0 = Release|Any CPU
		{9B1FCA63-D819-4FF2-B8F8-E4954E675F89}.Release|ARM.ActiveCfg = Release|Any CPU
		{9B1FCA63-D819-4FF2-B8F8-E4954E675F89}.Release|ARM.Build.0 = Release|Any CPU
		{9B1FCA63-D819-4FF2-B8F8-E4954E675F89}.Release|ARM.Deploy.0 = Release|Any CPU
		{9B1FCA63-D819-4FF2-B8F8-E4954E675F89}.Release|ARM64.ActiveCfg = Release|Any CPU
		{9B1FCA63-D819-4FF2-B8F8-E4954E675F89}.Release|ARM64.Build.0 = Release|Any CPU
		{9B1FCA63-D819-4FF2-B8F8-E4954E675F89}.Release|ARM64.Deploy.0 = Release|Any CPU
		{9B1FCA63-D819-4FF2-B8F8-E4954E675F89}.Release|iPhone.ActiveCfg = Release|Any CPU
		{9B1FCA63-D819-4FF2-B8F8-E4954E675F89}.Release|iPhone.Build.0 = Release|Any CPU
		{9B1FCA63-D819-4FF2-B8F8-E4954E675F89}.Release|iPhone.Deploy.0 = Release|Any CPU
		{9B1FCA63-D819-4FF2-B8F8-E4954E675F89}.Release|iPhoneSimulator.ActiveCfg = Release|Any CPU
		{9B1FCA63-D819-4FF2-B8F8-E4954E675F89}.Release|iPhoneSimulator.Build.0 = Release|Any CPU
		{9B1FCA63-D819-4FF2-B8F8-E4954E675F89}.Release|iPhoneSimulator.Deploy.0 = Release|Any CPU
		{9B1FCA63-D819-4FF2-B8F8-E4954E675F89}.Release|x64.ActiveCfg = Release|Any CPU
		{9B1FCA63-D819-4FF2-B8F8-E4954E675F89}.Release|x64.Build.0 = Release|Any CPU
		{9B1FCA63-D819-4FF2-B8F8-E4954E675F89}.Release|x64.Deploy.0 = Release|Any CPU
		{9B1FCA63-D819-4FF2-B8F8-E4954E675F89}.Release|x86.ActiveCfg = Release|Any CPU
		{9B1FCA63-D819-4FF2-B8F8-E4954E675F89}.Release|x86.Build.0 = Release|Any CPU
		{9B1FCA63-D819-4FF2-B8F8-E4954E675F89}.Release|x86.Deploy.0 = Release|Any CPU
		{1DC70C07-B8AE-4CE0-AC76-29D8E395D650}.Ad-Hoc|Any CPU.ActiveCfg = Release|x64
		{1DC70C07-B8AE-4CE0-AC76-29D8E395D650}.Ad-Hoc|Any CPU.Build.0 = Release|x64
		{1DC70C07-B8AE-4CE0-AC76-29D8E395D650}.Ad-Hoc|Any CPU.Deploy.0 = Release|x64
		{1DC70C07-B8AE-4CE0-AC76-29D8E395D650}.Ad-Hoc|ARM.ActiveCfg = Release|ARM
		{1DC70C07-B8AE-4CE0-AC76-29D8E395D650}.Ad-Hoc|ARM.Build.0 = Release|ARM
		{1DC70C07-B8AE-4CE0-AC76-29D8E395D650}.Ad-Hoc|ARM.Deploy.0 = Release|ARM
		{1DC70C07-B8AE-4CE0-AC76-29D8E395D650}.Ad-Hoc|ARM64.ActiveCfg = Release|ARM64
		{1DC70C07-B8AE-4CE0-AC76-29D8E395D650}.Ad-Hoc|ARM64.Build.0 = Release|ARM64
		{1DC70C07-B8AE-4CE0-AC76-29D8E395D650}.Ad-Hoc|ARM64.Deploy.0 = Release|ARM64
		{1DC70C07-B8AE-4CE0-AC76-29D8E395D650}.Ad-Hoc|iPhone.ActiveCfg = Release|x64
		{1DC70C07-B8AE-4CE0-AC76-29D8E395D650}.Ad-Hoc|iPhone.Build.0 = Release|x64
		{1DC70C07-B8AE-4CE0-AC76-29D8E395D650}.Ad-Hoc|iPhone.Deploy.0 = Release|x64
		{1DC70C07-B8AE-4CE0-AC76-29D8E395D650}.Ad-Hoc|iPhoneSimulator.ActiveCfg = Release|x64
		{1DC70C07-B8AE-4CE0-AC76-29D8E395D650}.Ad-Hoc|iPhoneSimulator.Build.0 = Release|x64
		{1DC70C07-B8AE-4CE0-AC76-29D8E395D650}.Ad-Hoc|iPhoneSimulator.Deploy.0 = Release|x64
		{1DC70C07-B8AE-4CE0-AC76-29D8E395D650}.Ad-Hoc|x64.ActiveCfg = Release|x64
		{1DC70C07-B8AE-4CE0-AC76-29D8E395D650}.Ad-Hoc|x64.Build.0 = Release|x64
		{1DC70C07-B8AE-4CE0-AC76-29D8E395D650}.Ad-Hoc|x64.Deploy.0 = Release|x64
		{1DC70C07-B8AE-4CE0-AC76-29D8E395D650}.Ad-Hoc|x86.ActiveCfg = Release|x86
		{1DC70C07-B8AE-4CE0-AC76-29D8E395D650}.Ad-Hoc|x86.Build.0 = Release|x86
		{1DC70C07-B8AE-4CE0-AC76-29D8E395D650}.Ad-Hoc|x86.Deploy.0 = Release|x86
		{1DC70C07-B8AE-4CE0-AC76-29D8E395D650}.AppStore|Any CPU.ActiveCfg = Release|x64
		{1DC70C07-B8AE-4CE0-AC76-29D8E395D650}.AppStore|Any CPU.Build.0 = Release|x64
		{1DC70C07-B8AE-4CE0-AC76-29D8E395D650}.AppStore|Any CPU.Deploy.0 = Release|x64
		{1DC70C07-B8AE-4CE0-AC76-29D8E395D650}.AppStore|ARM.ActiveCfg = Release|ARM
		{1DC70C07-B8AE-4CE0-AC76-29D8E395D650}.AppStore|ARM.Build.0 = Release|ARM
		{1DC70C07-B8AE-4CE0-AC76-29D8E395D650}.AppStore|ARM.Deploy.0 = Release|ARM
		{1DC70C07-B8AE-4CE0-AC76-29D8E395D650}.AppStore|ARM64.ActiveCfg = Release|ARM64
		{1DC70C07-B8AE-4CE0-AC76-29D8E395D650}.AppStore|ARM64.Build.0 = Release|ARM64
		{1DC70C07-B8AE-4CE0-AC76-29D8E395D650}.AppStore|ARM64.Deploy.0 = Release|ARM64
		{1DC70C07-B8AE-4CE0-AC76-29D8E395D650}.AppStore|iPhone.ActiveCfg = Release|x64
		{1DC70C07-B8AE-4CE0-AC76-29D8E395D650}.AppStore|iPhone.Build.0 = Release|x64
		{1DC70C07-B8AE-4CE0-AC76-29D8E395D650}.AppStore|iPhone.Deploy.0 = Release|x64
		{1DC70C07-B8AE-4CE0-AC76-29D8E395D650}.AppStore|iPhoneSimulator.ActiveCfg = Release|x64
		{1DC70C07-B8AE-4CE0-AC76-29D8E395D650}.AppStore|iPhoneSimulator.Build.0 = Release|x64
		{1DC70C07-B8AE-4CE0-AC76-29D8E395D650}.AppStore|iPhoneSimulator.Deploy.0 = Release|x64
		{1DC70C07-B8AE-4CE0-AC76-29D8E395D650}.AppStore|x64.ActiveCfg = Release|x64
		{1DC70C07-B8AE-4CE0-AC76-29D8E395D650}.AppStore|x64.Build.0 = Release|x64
		{1DC70C07-B8AE-4CE0-AC76-29D8E395D650}.AppStore|x64.Deploy.0 = Release|x64
		{1DC70C07-B8AE-4CE0-AC76-29D8E395D650}.AppStore|x86.ActiveCfg = Release|x86
		{1DC70C07-B8AE-4CE0-AC76-29D8E395D650}.AppStore|x86.Build.0 = Release|x86
		{1DC70C07-B8AE-4CE0-AC76-29D8E395D650}.AppStore|x86.Deploy.0 = Release|x86
		{1DC70C07-B8AE-4CE0-AC76-29D8E395D650}.Debug|Any CPU.ActiveCfg = Debug|x86
		{1DC70C07-B8AE-4CE0-AC76-29D8E395D650}.Debug|ARM.ActiveCfg = Debug|ARM
		{1DC70C07-B8AE-4CE0-AC76-29D8E395D650}.Debug|ARM.Build.0 = Debug|ARM
		{1DC70C07-B8AE-4CE0-AC76-29D8E395D650}.Debug|ARM.Deploy.0 = Debug|ARM
		{1DC70C07-B8AE-4CE0-AC76-29D8E395D650}.Debug|ARM64.ActiveCfg = Debug|ARM64
		{1DC70C07-B8AE-4CE0-AC76-29D8E395D650}.Debug|ARM64.Build.0 = Debug|ARM64
		{1DC70C07-B8AE-4CE0-AC76-29D8E395D650}.Debug|ARM64.Deploy.0 = Debug|ARM64
		{1DC70C07-B8AE-4CE0-AC76-29D8E395D650}.Debug|iPhone.ActiveCfg = Debug|x86
		{1DC70C07-B8AE-4CE0-AC76-29D8E395D650}.Debug|iPhoneSimulator.ActiveCfg = Debug|x86
		{1DC70C07-B8AE-4CE0-AC76-29D8E395D650}.Debug|x64.ActiveCfg = Debug|x64
		{1DC70C07-B8AE-4CE0-AC76-29D8E395D650}.Debug|x64.Build.0 = Debug|x64
		{1DC70C07-B8AE-4CE0-AC76-29D8E395D650}.Debug|x64.Deploy.0 = Debug|x64
		{1DC70C07-B8AE-4CE0-AC76-29D8E395D650}.Debug|x86.ActiveCfg = Debug|x86
		{1DC70C07-B8AE-4CE0-AC76-29D8E395D650}.Debug|x86.Build.0 = Debug|x86
		{1DC70C07-B8AE-4CE0-AC76-29D8E395D650}.Debug|x86.Deploy.0 = Debug|x86
		{1DC70C07-B8AE-4CE0-AC76-29D8E395D650}.Release|Any CPU.ActiveCfg = Release|x86
		{1DC70C07-B8AE-4CE0-AC76-29D8E395D650}.Release|ARM.ActiveCfg = Release|ARM
		{1DC70C07-B8AE-4CE0-AC76-29D8E395D650}.Release|ARM.Build.0 = Release|ARM
		{1DC70C07-B8AE-4CE0-AC76-29D8E395D650}.Release|ARM.Deploy.0 = Release|ARM
		{1DC70C07-B8AE-4CE0-AC76-29D8E395D650}.Release|ARM64.ActiveCfg = Release|ARM64
		{1DC70C07-B8AE-4CE0-AC76-29D8E395D650}.Release|ARM64.Build.0 = Release|ARM64
		{1DC70C07-B8AE-4CE0-AC76-29D8E395D650}.Release|ARM64.Deploy.0 = Release|ARM64
		{1DC70C07-B8AE-4CE0-AC76-29D8E395D650}.Release|iPhone.ActiveCfg = Release|x86
		{1DC70C07-B8AE-4CE0-AC76-29D8E395D650}.Release|iPhoneSimulator.ActiveCfg = Release|x86
		{1DC70C07-B8AE-4CE0-AC76-29D8E395D650}.Release|x64.ActiveCfg = Release|x64
		{1DC70C07-B8AE-4CE0-AC76-29D8E395D650}.Release|x64.Build.0 = Release|x64
		{1DC70C07-B8AE-4CE0-AC76-29D8E395D650}.Release|x64.Deploy.0 = Release|x64
		{1DC70C07-B8AE-4CE0-AC76-29D8E395D650}.Release|x86.ActiveCfg = Release|x86
		{1DC70C07-B8AE-4CE0-AC76-29D8E395D650}.Release|x86.Build.0 = Release|x86
		{1DC70C07-B8AE-4CE0-AC76-29D8E395D650}.Release|x86.Deploy.0 = Release|x86
		{CA9BEFF6-28E1-49B3-97CE-DCA6742583FD}.Ad-Hoc|Any CPU.ActiveCfg = Debug|Any CPU
		{CA9BEFF6-28E1-49B3-97CE-DCA6742583FD}.Ad-Hoc|Any CPU.Build.0 = Debug|Any CPU
		{CA9BEFF6-28E1-49B3-97CE-DCA6742583FD}.Ad-Hoc|ARM.ActiveCfg = Debug|Any CPU
		{CA9BEFF6-28E1-49B3-97CE-DCA6742583FD}.Ad-Hoc|ARM.Build.0 = Debug|Any CPU
		{CA9BEFF6-28E1-49B3-97CE-DCA6742583FD}.Ad-Hoc|ARM64.ActiveCfg = Debug|Any CPU
		{CA9BEFF6-28E1-49B3-97CE-DCA6742583FD}.Ad-Hoc|ARM64.Build.0 = Debug|Any CPU
		{CA9BEFF6-28E1-49B3-97CE-DCA6742583FD}.Ad-Hoc|iPhone.ActiveCfg = Debug|Any CPU
		{CA9BEFF6-28E1-49B3-97CE-DCA6742583FD}.Ad-Hoc|iPhone.Build.0 = Debug|Any CPU
		{CA9BEFF6-28E1-49B3-97CE-DCA6742583FD}.Ad-Hoc|iPhoneSimulator.ActiveCfg = Debug|Any CPU
		{CA9BEFF6-28E1-49B3-97CE-DCA6742583FD}.Ad-Hoc|iPhoneSimulator.Build.0 = Debug|Any CPU
		{CA9BEFF6-28E1-49B3-97CE-DCA6742583FD}.Ad-Hoc|x64.ActiveCfg = Debug|Any CPU
		{CA9BEFF6-28E1-49B3-97CE-DCA6742583FD}.Ad-Hoc|x64.Build.0 = Debug|Any CPU
		{CA9BEFF6-28E1-49B3-97CE-DCA6742583FD}.Ad-Hoc|x86.ActiveCfg = Debug|Any CPU
		{CA9BEFF6-28E1-49B3-97CE-DCA6742583FD}.Ad-Hoc|x86.Build.0 = Debug|Any CPU
		{CA9BEFF6-28E1-49B3-97CE-DCA6742583FD}.AppStore|Any CPU.ActiveCfg = Debug|Any CPU
		{CA9BEFF6-28E1-49B3-97CE-DCA6742583FD}.AppStore|Any CPU.Build.0 = Debug|Any CPU
		{CA9BEFF6-28E1-49B3-97CE-DCA6742583FD}.AppStore|ARM.ActiveCfg = Debug|Any CPU
		{CA9BEFF6-28E1-49B3-97CE-DCA6742583FD}.AppStore|ARM.Build.0 = Debug|Any CPU
		{CA9BEFF6-28E1-49B3-97CE-DCA6742583FD}.AppStore|ARM64.ActiveCfg = Debug|Any CPU
		{CA9BEFF6-28E1-49B3-97CE-DCA6742583FD}.AppStore|ARM64.Build.0 = Debug|Any CPU
		{CA9BEFF6-28E1-49B3-97CE-DCA6742583FD}.AppStore|iPhone.ActiveCfg = Debug|Any CPU
		{CA9BEFF6-28E1-49B3-97CE-DCA6742583FD}.AppStore|iPhone.Build.0 = Debug|Any CPU
		{CA9BEFF6-28E1-49B3-97CE-DCA6742583FD}.AppStore|iPhoneSimulator.ActiveCfg = Debug|Any CPU
		{CA9BEFF6-28E1-49B3-97CE-DCA6742583FD}.AppStore|iPhoneSimulator.Build.0 = Debug|Any CPU
		{CA9BEFF6-28E1-49B3-97CE-DCA6742583FD}.AppStore|x64.ActiveCfg = Debug|Any CPU
		{CA9BEFF6-28E1-49B3-97CE-DCA6742583FD}.AppStore|x64.Build.0 = Debug|Any CPU
		{CA9BEFF6-28E1-49B3-97CE-DCA6742583FD}.AppStore|x86.ActiveCfg = Debug|Any CPU
		{CA9BEFF6-28E1-49B3-97CE-DCA6742583FD}.AppStore|x86.Build.0 = Debug|Any CPU
		{CA9BEFF6-28E1-49B3-97CE-DCA6742583FD}.Debug|Any CPU.ActiveCfg = Debug|Any CPU
		{CA9BEFF6-28E1-49B3-97CE-DCA6742583FD}.Debug|Any CPU.Build.0 = Debug|Any CPU
		{CA9BEFF6-28E1-49B3-97CE-DCA6742583FD}.Debug|ARM.ActiveCfg = Debug|Any CPU
		{CA9BEFF6-28E1-49B3-97CE-DCA6742583FD}.Debug|ARM.Build.0 = Debug|Any CPU
		{CA9BEFF6-28E1-49B3-97CE-DCA6742583FD}.Debug|ARM64.ActiveCfg = Debug|Any CPU
		{CA9BEFF6-28E1-49B3-97CE-DCA6742583FD}.Debug|ARM64.Build.0 = Debug|Any CPU
		{CA9BEFF6-28E1-49B3-97CE-DCA6742583FD}.Debug|iPhone.ActiveCfg = Debug|Any CPU
		{CA9BEFF6-28E1-49B3-97CE-DCA6742583FD}.Debug|iPhone.Build.0 = Debug|Any CPU
		{CA9BEFF6-28E1-49B3-97CE-DCA6742583FD}.Debug|iPhoneSimulator.ActiveCfg = Debug|Any CPU
		{CA9BEFF6-28E1-49B3-97CE-DCA6742583FD}.Debug|iPhoneSimulator.Build.0 = Debug|Any CPU
		{CA9BEFF6-28E1-49B3-97CE-DCA6742583FD}.Debug|x64.ActiveCfg = Debug|Any CPU
		{CA9BEFF6-28E1-49B3-97CE-DCA6742583FD}.Debug|x64.Build.0 = Debug|Any CPU
		{CA9BEFF6-28E1-49B3-97CE-DCA6742583FD}.Debug|x86.ActiveCfg = Debug|Any CPU
		{CA9BEFF6-28E1-49B3-97CE-DCA6742583FD}.Debug|x86.Build.0 = Debug|Any CPU
		{CA9BEFF6-28E1-49B3-97CE-DCA6742583FD}.Release|Any CPU.ActiveCfg = Release|Any CPU
		{CA9BEFF6-28E1-49B3-97CE-DCA6742583FD}.Release|Any CPU.Build.0 = Release|Any CPU
		{CA9BEFF6-28E1-49B3-97CE-DCA6742583FD}.Release|ARM.ActiveCfg = Release|Any CPU
		{CA9BEFF6-28E1-49B3-97CE-DCA6742583FD}.Release|ARM.Build.0 = Release|Any CPU
		{CA9BEFF6-28E1-49B3-97CE-DCA6742583FD}.Release|ARM64.ActiveCfg = Release|Any CPU
		{CA9BEFF6-28E1-49B3-97CE-DCA6742583FD}.Release|ARM64.Build.0 = Release|Any CPU
		{CA9BEFF6-28E1-49B3-97CE-DCA6742583FD}.Release|iPhone.ActiveCfg = Release|Any CPU
		{CA9BEFF6-28E1-49B3-97CE-DCA6742583FD}.Release|iPhone.Build.0 = Release|Any CPU
		{CA9BEFF6-28E1-49B3-97CE-DCA6742583FD}.Release|iPhoneSimulator.ActiveCfg = Release|Any CPU
		{CA9BEFF6-28E1-49B3-97CE-DCA6742583FD}.Release|iPhoneSimulator.Build.0 = Release|Any CPU
		{CA9BEFF6-28E1-49B3-97CE-DCA6742583FD}.Release|x64.ActiveCfg = Release|Any CPU
		{CA9BEFF6-28E1-49B3-97CE-DCA6742583FD}.Release|x64.Build.0 = Release|Any CPU
		{CA9BEFF6-28E1-49B3-97CE-DCA6742583FD}.Release|x86.ActiveCfg = Release|Any CPU
		{CA9BEFF6-28E1-49B3-97CE-DCA6742583FD}.Release|x86.Build.0 = Release|Any CPU
		{5A68CCAE-FE84-416F-9CB3-DA9767A0666F}.Ad-Hoc|Any CPU.ActiveCfg = Debug|Any CPU
		{5A68CCAE-FE84-416F-9CB3-DA9767A0666F}.Ad-Hoc|Any CPU.Build.0 = Debug|Any CPU
		{5A68CCAE-FE84-416F-9CB3-DA9767A0666F}.Ad-Hoc|ARM.ActiveCfg = Debug|Any CPU
		{5A68CCAE-FE84-416F-9CB3-DA9767A0666F}.Ad-Hoc|ARM.Build.0 = Debug|Any CPU
		{5A68CCAE-FE84-416F-9CB3-DA9767A0666F}.Ad-Hoc|ARM64.ActiveCfg = Debug|Any CPU
		{5A68CCAE-FE84-416F-9CB3-DA9767A0666F}.Ad-Hoc|ARM64.Build.0 = Debug|Any CPU
		{5A68CCAE-FE84-416F-9CB3-DA9767A0666F}.Ad-Hoc|iPhone.ActiveCfg = Debug|Any CPU
		{5A68CCAE-FE84-416F-9CB3-DA9767A0666F}.Ad-Hoc|iPhone.Build.0 = Debug|Any CPU
		{5A68CCAE-FE84-416F-9CB3-DA9767A0666F}.Ad-Hoc|iPhoneSimulator.ActiveCfg = Debug|Any CPU
		{5A68CCAE-FE84-416F-9CB3-DA9767A0666F}.Ad-Hoc|iPhoneSimulator.Build.0 = Debug|Any CPU
		{5A68CCAE-FE84-416F-9CB3-DA9767A0666F}.Ad-Hoc|x64.ActiveCfg = Debug|Any CPU
		{5A68CCAE-FE84-416F-9CB3-DA9767A0666F}.Ad-Hoc|x64.Build.0 = Debug|Any CPU
		{5A68CCAE-FE84-416F-9CB3-DA9767A0666F}.Ad-Hoc|x86.ActiveCfg = Debug|Any CPU
		{5A68CCAE-FE84-416F-9CB3-DA9767A0666F}.Ad-Hoc|x86.Build.0 = Debug|Any CPU
		{5A68CCAE-FE84-416F-9CB3-DA9767A0666F}.AppStore|Any CPU.ActiveCfg = Debug|Any CPU
		{5A68CCAE-FE84-416F-9CB3-DA9767A0666F}.AppStore|Any CPU.Build.0 = Debug|Any CPU
		{5A68CCAE-FE84-416F-9CB3-DA9767A0666F}.AppStore|ARM.ActiveCfg = Debug|Any CPU
		{5A68CCAE-FE84-416F-9CB3-DA9767A0666F}.AppStore|ARM.Build.0 = Debug|Any CPU
		{5A68CCAE-FE84-416F-9CB3-DA9767A0666F}.AppStore|ARM64.ActiveCfg = Debug|Any CPU
		{5A68CCAE-FE84-416F-9CB3-DA9767A0666F}.AppStore|ARM64.Build.0 = Debug|Any CPU
		{5A68CCAE-FE84-416F-9CB3-DA9767A0666F}.AppStore|iPhone.ActiveCfg = Debug|Any CPU
		{5A68CCAE-FE84-416F-9CB3-DA9767A0666F}.AppStore|iPhone.Build.0 = Debug|Any CPU
		{5A68CCAE-FE84-416F-9CB3-DA9767A0666F}.AppStore|iPhoneSimulator.ActiveCfg = Debug|Any CPU
		{5A68CCAE-FE84-416F-9CB3-DA9767A0666F}.AppStore|iPhoneSimulator.Build.0 = Debug|Any CPU
		{5A68CCAE-FE84-416F-9CB3-DA9767A0666F}.AppStore|x64.ActiveCfg = Debug|Any CPU
		{5A68CCAE-FE84-416F-9CB3-DA9767A0666F}.AppStore|x64.Build.0 = Debug|Any CPU
		{5A68CCAE-FE84-416F-9CB3-DA9767A0666F}.AppStore|x86.ActiveCfg = Debug|Any CPU
		{5A68CCAE-FE84-416F-9CB3-DA9767A0666F}.AppStore|x86.Build.0 = Debug|Any CPU
		{5A68CCAE-FE84-416F-9CB3-DA9767A0666F}.Debug|Any CPU.ActiveCfg = Debug|Any CPU
		{5A68CCAE-FE84-416F-9CB3-DA9767A0666F}.Debug|Any CPU.Build.0 = Debug|Any CPU
		{5A68CCAE-FE84-416F-9CB3-DA9767A0666F}.Debug|ARM.ActiveCfg = Debug|Any CPU
		{5A68CCAE-FE84-416F-9CB3-DA9767A0666F}.Debug|ARM.Build.0 = Debug|Any CPU
		{5A68CCAE-FE84-416F-9CB3-DA9767A0666F}.Debug|ARM64.ActiveCfg = Debug|Any CPU
		{5A68CCAE-FE84-416F-9CB3-DA9767A0666F}.Debug|ARM64.Build.0 = Debug|Any CPU
		{5A68CCAE-FE84-416F-9CB3-DA9767A0666F}.Debug|iPhone.ActiveCfg = Debug|Any CPU
		{5A68CCAE-FE84-416F-9CB3-DA9767A0666F}.Debug|iPhone.Build.0 = Debug|Any CPU
		{5A68CCAE-FE84-416F-9CB3-DA9767A0666F}.Debug|iPhoneSimulator.ActiveCfg = Debug|Any CPU
		{5A68CCAE-FE84-416F-9CB3-DA9767A0666F}.Debug|iPhoneSimulator.Build.0 = Debug|Any CPU
		{5A68CCAE-FE84-416F-9CB3-DA9767A0666F}.Debug|x64.ActiveCfg = Debug|Any CPU
		{5A68CCAE-FE84-416F-9CB3-DA9767A0666F}.Debug|x64.Build.0 = Debug|Any CPU
		{5A68CCAE-FE84-416F-9CB3-DA9767A0666F}.Debug|x86.ActiveCfg = Debug|Any CPU
		{5A68CCAE-FE84-416F-9CB3-DA9767A0666F}.Debug|x86.Build.0 = Debug|Any CPU
		{5A68CCAE-FE84-416F-9CB3-DA9767A0666F}.Release|Any CPU.ActiveCfg = Release|Any CPU
		{5A68CCAE-FE84-416F-9CB3-DA9767A0666F}.Release|Any CPU.Build.0 = Release|Any CPU
		{5A68CCAE-FE84-416F-9CB3-DA9767A0666F}.Release|ARM.ActiveCfg = Release|Any CPU
		{5A68CCAE-FE84-416F-9CB3-DA9767A0666F}.Release|ARM.Build.0 = Release|Any CPU
		{5A68CCAE-FE84-416F-9CB3-DA9767A0666F}.Release|ARM64.ActiveCfg = Release|Any CPU
		{5A68CCAE-FE84-416F-9CB3-DA9767A0666F}.Release|ARM64.Build.0 = Release|Any CPU
		{5A68CCAE-FE84-416F-9CB3-DA9767A0666F}.Release|iPhone.ActiveCfg = Release|Any CPU
		{5A68CCAE-FE84-416F-9CB3-DA9767A0666F}.Release|iPhone.Build.0 = Release|Any CPU
		{5A68CCAE-FE84-416F-9CB3-DA9767A0666F}.Release|iPhoneSimulator.ActiveCfg = Release|Any CPU
		{5A68CCAE-FE84-416F-9CB3-DA9767A0666F}.Release|iPhoneSimulator.Build.0 = Release|Any CPU
		{5A68CCAE-FE84-416F-9CB3-DA9767A0666F}.Release|x64.ActiveCfg = Release|Any CPU
		{5A68CCAE-FE84-416F-9CB3-DA9767A0666F}.Release|x64.Build.0 = Release|Any CPU
		{5A68CCAE-FE84-416F-9CB3-DA9767A0666F}.Release|x86.ActiveCfg = Release|Any CPU
		{5A68CCAE-FE84-416F-9CB3-DA9767A0666F}.Release|x86.Build.0 = Release|Any CPU
		{98478C9A-4FCD-46C2-921E-8074036A33E0}.Ad-Hoc|Any CPU.ActiveCfg = Debug|Any CPU
		{98478C9A-4FCD-46C2-921E-8074036A33E0}.Ad-Hoc|Any CPU.Build.0 = Debug|Any CPU
		{98478C9A-4FCD-46C2-921E-8074036A33E0}.Ad-Hoc|ARM.ActiveCfg = Debug|Any CPU
		{98478C9A-4FCD-46C2-921E-8074036A33E0}.Ad-Hoc|ARM.Build.0 = Debug|Any CPU
		{98478C9A-4FCD-46C2-921E-8074036A33E0}.Ad-Hoc|ARM64.ActiveCfg = Debug|Any CPU
		{98478C9A-4FCD-46C2-921E-8074036A33E0}.Ad-Hoc|ARM64.Build.0 = Debug|Any CPU
		{98478C9A-4FCD-46C2-921E-8074036A33E0}.Ad-Hoc|iPhone.ActiveCfg = Debug|Any CPU
		{98478C9A-4FCD-46C2-921E-8074036A33E0}.Ad-Hoc|iPhone.Build.0 = Debug|Any CPU
		{98478C9A-4FCD-46C2-921E-8074036A33E0}.Ad-Hoc|iPhoneSimulator.ActiveCfg = Debug|Any CPU
		{98478C9A-4FCD-46C2-921E-8074036A33E0}.Ad-Hoc|iPhoneSimulator.Build.0 = Debug|Any CPU
		{98478C9A-4FCD-46C2-921E-8074036A33E0}.Ad-Hoc|x64.ActiveCfg = Debug|Any CPU
		{98478C9A-4FCD-46C2-921E-8074036A33E0}.Ad-Hoc|x64.Build.0 = Debug|Any CPU
		{98478C9A-4FCD-46C2-921E-8074036A33E0}.Ad-Hoc|x86.ActiveCfg = Debug|Any CPU
		{98478C9A-4FCD-46C2-921E-8074036A33E0}.Ad-Hoc|x86.Build.0 = Debug|Any CPU
		{98478C9A-4FCD-46C2-921E-8074036A33E0}.AppStore|Any CPU.ActiveCfg = Debug|Any CPU
		{98478C9A-4FCD-46C2-921E-8074036A33E0}.AppStore|Any CPU.Build.0 = Debug|Any CPU
		{98478C9A-4FCD-46C2-921E-8074036A33E0}.AppStore|ARM.ActiveCfg = Debug|Any CPU
		{98478C9A-4FCD-46C2-921E-8074036A33E0}.AppStore|ARM.Build.0 = Debug|Any CPU
		{98478C9A-4FCD-46C2-921E-8074036A33E0}.AppStore|ARM64.ActiveCfg = Debug|Any CPU
		{98478C9A-4FCD-46C2-921E-8074036A33E0}.AppStore|ARM64.Build.0 = Debug|Any CPU
		{98478C9A-4FCD-46C2-921E-8074036A33E0}.AppStore|iPhone.ActiveCfg = Debug|Any CPU
		{98478C9A-4FCD-46C2-921E-8074036A33E0}.AppStore|iPhone.Build.0 = Debug|Any CPU
		{98478C9A-4FCD-46C2-921E-8074036A33E0}.AppStore|iPhoneSimulator.ActiveCfg = Debug|Any CPU
		{98478C9A-4FCD-46C2-921E-8074036A33E0}.AppStore|iPhoneSimulator.Build.0 = Debug|Any CPU
		{98478C9A-4FCD-46C2-921E-8074036A33E0}.AppStore|x64.ActiveCfg = Debug|Any CPU
		{98478C9A-4FCD-46C2-921E-8074036A33E0}.AppStore|x64.Build.0 = Debug|Any CPU
		{98478C9A-4FCD-46C2-921E-8074036A33E0}.AppStore|x86.ActiveCfg = Debug|Any CPU
		{98478C9A-4FCD-46C2-921E-8074036A33E0}.AppStore|x86.Build.0 = Debug|Any CPU
		{98478C9A-4FCD-46C2-921E-8074036A33E0}.Debug|Any CPU.ActiveCfg = Debug|Any CPU
		{98478C9A-4FCD-46C2-921E-8074036A33E0}.Debug|Any CPU.Build.0 = Debug|Any CPU
		{98478C9A-4FCD-46C2-921E-8074036A33E0}.Debug|ARM.ActiveCfg = Debug|Any CPU
		{98478C9A-4FCD-46C2-921E-8074036A33E0}.Debug|ARM.Build.0 = Debug|Any CPU
		{98478C9A-4FCD-46C2-921E-8074036A33E0}.Debug|ARM64.ActiveCfg = Debug|Any CPU
		{98478C9A-4FCD-46C2-921E-8074036A33E0}.Debug|ARM64.Build.0 = Debug|Any CPU
		{98478C9A-4FCD-46C2-921E-8074036A33E0}.Debug|iPhone.ActiveCfg = Debug|Any CPU
		{98478C9A-4FCD-46C2-921E-8074036A33E0}.Debug|iPhone.Build.0 = Debug|Any CPU
		{98478C9A-4FCD-46C2-921E-8074036A33E0}.Debug|iPhoneSimulator.ActiveCfg = Debug|Any CPU
		{98478C9A-4FCD-46C2-921E-8074036A33E0}.Debug|iPhoneSimulator.Build.0 = Debug|Any CPU
		{98478C9A-4FCD-46C2-921E-8074036A33E0}.Debug|x64.ActiveCfg = Debug|Any CPU
		{98478C9A-4FCD-46C2-921E-8074036A33E0}.Debug|x64.Build.0 = Debug|Any CPU
		{98478C9A-4FCD-46C2-921E-8074036A33E0}.Debug|x86.ActiveCfg = Debug|Any CPU
		{98478C9A-4FCD-46C2-921E-8074036A33E0}.Debug|x86.Build.0 = Debug|Any CPU
		{98478C9A-4FCD-46C2-921E-8074036A33E0}.Release|Any CPU.ActiveCfg = Release|Any CPU
		{98478C9A-4FCD-46C2-921E-8074036A33E0}.Release|Any CPU.Build.0 = Release|Any CPU
		{98478C9A-4FCD-46C2-921E-8074036A33E0}.Release|ARM.ActiveCfg = Release|Any CPU
		{98478C9A-4FCD-46C2-921E-8074036A33E0}.Release|ARM.Build.0 = Release|Any CPU
		{98478C9A-4FCD-46C2-921E-8074036A33E0}.Release|ARM64.ActiveCfg = Release|Any CPU
		{98478C9A-4FCD-46C2-921E-8074036A33E0}.Release|ARM64.Build.0 = Release|Any CPU
		{98478C9A-4FCD-46C2-921E-8074036A33E0}.Release|iPhone.ActiveCfg = Release|Any CPU
		{98478C9A-4FCD-46C2-921E-8074036A33E0}.Release|iPhone.Build.0 = Release|Any CPU
		{98478C9A-4FCD-46C2-921E-8074036A33E0}.Release|iPhoneSimulator.ActiveCfg = Release|Any CPU
		{98478C9A-4FCD-46C2-921E-8074036A33E0}.Release|iPhoneSimulator.Build.0 = Release|Any CPU
		{98478C9A-4FCD-46C2-921E-8074036A33E0}.Release|x64.ActiveCfg = Release|Any CPU
		{98478C9A-4FCD-46C2-921E-8074036A33E0}.Release|x64.Build.0 = Release|Any CPU
		{98478C9A-4FCD-46C2-921E-8074036A33E0}.Release|x86.ActiveCfg = Release|Any CPU
		{98478C9A-4FCD-46C2-921E-8074036A33E0}.Release|x86.Build.0 = Release|Any CPU
		{231C1F68-251E-47FE-B725-521A23F9A173}.Ad-Hoc|Any CPU.ActiveCfg = Debug|Any CPU
		{231C1F68-251E-47FE-B725-521A23F9A173}.Ad-Hoc|Any CPU.Build.0 = Debug|Any CPU
		{231C1F68-251E-47FE-B725-521A23F9A173}.Ad-Hoc|ARM.ActiveCfg = Debug|Any CPU
		{231C1F68-251E-47FE-B725-521A23F9A173}.Ad-Hoc|ARM.Build.0 = Debug|Any CPU
		{231C1F68-251E-47FE-B725-521A23F9A173}.Ad-Hoc|ARM64.ActiveCfg = Debug|Any CPU
		{231C1F68-251E-47FE-B725-521A23F9A173}.Ad-Hoc|ARM64.Build.0 = Debug|Any CPU
		{231C1F68-251E-47FE-B725-521A23F9A173}.Ad-Hoc|iPhone.ActiveCfg = Debug|Any CPU
		{231C1F68-251E-47FE-B725-521A23F9A173}.Ad-Hoc|iPhone.Build.0 = Debug|Any CPU
		{231C1F68-251E-47FE-B725-521A23F9A173}.Ad-Hoc|iPhoneSimulator.ActiveCfg = Debug|Any CPU
		{231C1F68-251E-47FE-B725-521A23F9A173}.Ad-Hoc|iPhoneSimulator.Build.0 = Debug|Any CPU
		{231C1F68-251E-47FE-B725-521A23F9A173}.Ad-Hoc|x64.ActiveCfg = Debug|Any CPU
		{231C1F68-251E-47FE-B725-521A23F9A173}.Ad-Hoc|x64.Build.0 = Debug|Any CPU
		{231C1F68-251E-47FE-B725-521A23F9A173}.Ad-Hoc|x86.ActiveCfg = Debug|Any CPU
		{231C1F68-251E-47FE-B725-521A23F9A173}.Ad-Hoc|x86.Build.0 = Debug|Any CPU
		{231C1F68-251E-47FE-B725-521A23F9A173}.AppStore|Any CPU.ActiveCfg = Debug|Any CPU
		{231C1F68-251E-47FE-B725-521A23F9A173}.AppStore|Any CPU.Build.0 = Debug|Any CPU
		{231C1F68-251E-47FE-B725-521A23F9A173}.AppStore|ARM.ActiveCfg = Debug|Any CPU
		{231C1F68-251E-47FE-B725-521A23F9A173}.AppStore|ARM.Build.0 = Debug|Any CPU
		{231C1F68-251E-47FE-B725-521A23F9A173}.AppStore|ARM64.ActiveCfg = Debug|Any CPU
		{231C1F68-251E-47FE-B725-521A23F9A173}.AppStore|ARM64.Build.0 = Debug|Any CPU
		{231C1F68-251E-47FE-B725-521A23F9A173}.AppStore|iPhone.ActiveCfg = Debug|Any CPU
		{231C1F68-251E-47FE-B725-521A23F9A173}.AppStore|iPhone.Build.0 = Debug|Any CPU
		{231C1F68-251E-47FE-B725-521A23F9A173}.AppStore|iPhoneSimulator.ActiveCfg = Debug|Any CPU
		{231C1F68-251E-47FE-B725-521A23F9A173}.AppStore|iPhoneSimulator.Build.0 = Debug|Any CPU
		{231C1F68-251E-47FE-B725-521A23F9A173}.AppStore|x64.ActiveCfg = Debug|Any CPU
		{231C1F68-251E-47FE-B725-521A23F9A173}.AppStore|x64.Build.0 = Debug|Any CPU
		{231C1F68-251E-47FE-B725-521A23F9A173}.AppStore|x86.ActiveCfg = Debug|Any CPU
		{231C1F68-251E-47FE-B725-521A23F9A173}.AppStore|x86.Build.0 = Debug|Any CPU
		{231C1F68-251E-47FE-B725-521A23F9A173}.Debug|Any CPU.ActiveCfg = Debug|Any CPU
		{231C1F68-251E-47FE-B725-521A23F9A173}.Debug|Any CPU.Build.0 = Debug|Any CPU
		{231C1F68-251E-47FE-B725-521A23F9A173}.Debug|ARM.ActiveCfg = Debug|Any CPU
		{231C1F68-251E-47FE-B725-521A23F9A173}.Debug|ARM.Build.0 = Debug|Any CPU
		{231C1F68-251E-47FE-B725-521A23F9A173}.Debug|ARM64.ActiveCfg = Debug|Any CPU
		{231C1F68-251E-47FE-B725-521A23F9A173}.Debug|ARM64.Build.0 = Debug|Any CPU
		{231C1F68-251E-47FE-B725-521A23F9A173}.Debug|iPhone.ActiveCfg = Debug|Any CPU
		{231C1F68-251E-47FE-B725-521A23F9A173}.Debug|iPhone.Build.0 = Debug|Any CPU
		{231C1F68-251E-47FE-B725-521A23F9A173}.Debug|iPhoneSimulator.ActiveCfg = Debug|Any CPU
		{231C1F68-251E-47FE-B725-521A23F9A173}.Debug|iPhoneSimulator.Build.0 = Debug|Any CPU
		{231C1F68-251E-47FE-B725-521A23F9A173}.Debug|x64.ActiveCfg = Debug|Any CPU
		{231C1F68-251E-47FE-B725-521A23F9A173}.Debug|x64.Build.0 = Debug|Any CPU
		{231C1F68-251E-47FE-B725-521A23F9A173}.Debug|x86.ActiveCfg = Debug|Any CPU
		{231C1F68-251E-47FE-B725-521A23F9A173}.Debug|x86.Build.0 = Debug|Any CPU
		{231C1F68-251E-47FE-B725-521A23F9A173}.Release|Any CPU.ActiveCfg = Release|Any CPU
		{231C1F68-251E-47FE-B725-521A23F9A173}.Release|Any CPU.Build.0 = Release|Any CPU
		{231C1F68-251E-47FE-B725-521A23F9A173}.Release|ARM.ActiveCfg = Release|Any CPU
		{231C1F68-251E-47FE-B725-521A23F9A173}.Release|ARM.Build.0 = Release|Any CPU
		{231C1F68-251E-47FE-B725-521A23F9A173}.Release|ARM64.ActiveCfg = Release|Any CPU
		{231C1F68-251E-47FE-B725-521A23F9A173}.Release|ARM64.Build.0 = Release|Any CPU
		{231C1F68-251E-47FE-B725-521A23F9A173}.Release|iPhone.ActiveCfg = Release|Any CPU
		{231C1F68-251E-47FE-B725-521A23F9A173}.Release|iPhone.Build.0 = Release|Any CPU
		{231C1F68-251E-47FE-B725-521A23F9A173}.Release|iPhoneSimulator.ActiveCfg = Release|Any CPU
		{231C1F68-251E-47FE-B725-521A23F9A173}.Release|iPhoneSimulator.Build.0 = Release|Any CPU
		{231C1F68-251E-47FE-B725-521A23F9A173}.Release|x64.ActiveCfg = Release|Any CPU
		{231C1F68-251E-47FE-B725-521A23F9A173}.Release|x64.Build.0 = Release|Any CPU
		{231C1F68-251E-47FE-B725-521A23F9A173}.Release|x86.ActiveCfg = Release|Any CPU
		{231C1F68-251E-47FE-B725-521A23F9A173}.Release|x86.Build.0 = Release|Any CPU
	EndGlobalSection
	GlobalSection(SolutionProperties) = preSolution
		HideSolutionNode = FALSE
	EndGlobalSection
	GlobalSection(ExtensibilityGlobals) = postSolution
		SolutionGuid = {6625B004-C8A6-4FA4-8CE1-656063DB0C59}
	EndGlobalSection
EndGlobal
